<?xml version="1.0" encoding="UTF-8"?>
<CONFIG>
  <ProjectOptions>
    <Version Value="12"/>
    <PathDelim Value="\"/>
    <General>
      <Flags>
        <SaveOnlyProjectUnits Value="True"/>
        <CompatibilityMode Value="True"/>
      </Flags>
      <SessionStorage Value="InProjectDir"/>
      <Title Value="ovotext"/>
      <Scaled Value="True"/>
      <ResourceType Value="res"/>
      <UseXPManifest Value="True"/>
      <XPManifest>
        <DpiAware Value="True"/>
      </XPManifest>
      <Icon Value="0"/>
      <Resources Count="1">
        <Resource_0 FileName="ovotextfont.ttf" Type="RCDATA" ResourceName="OVOFONT"/>
      </Resources>
    </General>
    <i18n>
      <EnableI18N Value="True"/>
      <OutDir Value="locale"/>
    </i18n>
    <VersionInfo>
      <UseVersionInfo Value="True"/>
      <MinorVersionNr Value="1"/>
      <Language Value=""/>
      <CharSet Value="04B0"/>
      <StringTable Comments="A simple editor" CompanyName="Marco Caselli" FileDescription="Marco Caselli Editor" InternalName="ovotext" LegalCopyright="Marco Caselli" LegalTrademarks="Marco Caselli" ProductName="ovotext" ProductVersion="0.1"/>
    </VersionInfo>
    <BuildModes Count="4">
      <Item1 Name="Debug" Default="True"/>
      <Item2 Name="Release">
        <CompilerOptions>
          <Version Value="11"/>
          <PathDelim Value="\"/>
          <Target>
            <Filename Value="..\bin\$(TargetOS)\ovotext"/>
          </Target>
          <SearchPaths>
            <IncludeFiles Value="$(ProjOutDir)"/>
            <OtherUnitFiles Value="highlighters;printing;platform\$SrcOS($(TargetOS))"/>
            <UnitOutputDirectory Value="lib\$(TargetCPU)-$(TargetOS)"/>
          </SearchPaths>
          <CodeGeneration>
            <SmartLinkUnit Value="True"/>
            <RelocatableUnit Value="True"/>
            <Optimizations>
              <OptimizationLevel Value="3"/>
            </Optimizations>
          </CodeGeneration>
          <Linking>
            <Debugging>
              <GenerateDebugInfo Value="False"/>
            </Debugging>
            <LinkSmart Value="True"/>
            <Options>
              <PassLinkerOptions Value="True"/>
              <LinkerOptions Value=" --as-needed"/>
              <Win32>
                <GraphicApplication Value="True"/>
              </Win32>
            </Options>
          </Linking>
          <Other>
            <CustomOptions Value="-O4 -dRELEASE"/>
            <OtherDefines Count="1">
              <Define0 Value="RELEASE"/>
            </OtherDefines>
          </Other>
        </CompilerOptions>
      </Item2>
      <Item3 Name="Debug64">
        <CompilerOptions>
          <Version Value="11"/>
          <PathDelim Value="\"/>
          <Target>
            <Filename Value="..\bin\$(TargetOS)\ovotext"/>
          </Target>
          <SearchPaths>
            <IncludeFiles Value="$(ProjOutDir)"/>
            <OtherUnitFiles Value="highlighters;printing;platform\$SrcOS($(TargetOS))"/>
            <UnitOutputDirectory Value="lib\$(TargetCPU)-$(TargetOS)"/>
          </SearchPaths>
          <Parsing>
            <SyntaxOptions>
              <IncludeAssertionCode Value="True"/>
            </SyntaxOptions>
          </Parsing>
          <CodeGeneration>
            <Checks>
              <IOChecks Value="True"/>
              <RangeChecks Value="True"/>
              <OverflowChecks Value="True"/>
              <StackChecks Value="True"/>
            </Checks>
            <TargetCPU Value="x86_64"/>
            <TargetOS Value="win64"/>
          </CodeGeneration>
          <Linking>
            <Debugging>
              <DebugInfoType Value="dsDwarf3"/>
            </Debugging>
            <Options>
              <Win32>
                <GraphicApplication Value="True"/>
              </Win32>
            </Options>
          </Linking>
        </CompilerOptions>
      </Item3>
      <Item4 Name="Release64">
        <CompilerOptions>
          <Version Value="11"/>
          <PathDelim Value="\"/>
          <Target>
            <Filename Value="..\bin\$(TargetOS)\ovotext"/>
          </Target>
          <SearchPaths>
            <IncludeFiles Value="$(ProjOutDir)"/>
            <OtherUnitFiles Value="highlighters;printing;platform\$SrcOS($(TargetOS))"/>
            <UnitOutputDirectory Value="lib\$(TargetCPU)-$(TargetOS)"/>
          </SearchPaths>
          <CodeGeneration>
            <SmartLinkUnit Value="True"/>
            <TargetCPU Value="x86_64"/>
            <TargetOS Value="win64"/>
            <Optimizations>
              <OptimizationLevel Value="3"/>
            </Optimizations>
          </CodeGeneration>
          <Linking>
            <Debugging>
              <GenerateDebugInfo Value="False"/>
              <DebugInfoType Value="dsDwarf3"/>
            </Debugging>
            <LinkSmart Value="True"/>
            <Options>
              <Win32>
                <GraphicApplication Value="True"/>
              </Win32>
            </Options>
          </Linking>
          <Other>
            <CustomOptions Value="-O4 -dRELEASE"/>
          </Other>
        </CompilerOptions>
      </Item4>
      <SharedMatrixOptions Count="1">
        <Item1 ID="188379435715" Modes="Release"/>
      </SharedMatrixOptions>
    </BuildModes>
    <PublishOptions>
      <Version Value="2"/>
    </PublishOptions>
    <RunParams>
      <local>
        <CommandLineParams Value="--debug-log=medialog.log"/>
        <LaunchingApplication PathPlusParams="\usr\X11R6\bin\xterm -T &apos;Lazarus Run Output&apos; -e $(LazarusDir)\tools\runwait.sh $(TargetCmdLine)"/>
      </local>
      <FormatVersion Value="2"/>
      <Modes Count="1">
        <Mode0 Name="default">
          <local>
            <CommandLineParams Value="--debug-log=medialog.log"/>
            <LaunchingApplication PathPlusParams="\usr\X11R6\bin\xterm -T &apos;Lazarus Run Output&apos; -e $(LazarusDir)\tools\runwait.sh $(TargetCmdLine)"/>
          </local>
        </Mode0>
      </Modes>
    </RunParams>
    <RequiredPackages Count="5">
      <Item1>
        <PackageName Value="LazUtils"/>
      </Item1>
      <Item2>
        <PackageName Value="Printer4Lazarus"/>
      </Item2>
      <Item3>
        <PackageName Value="FCL"/>
      </Item3>
      <Item4>
        <PackageName Value="SynEdit"/>
        <MinVersion Major="1" Valid="True"/>
      </Item4>
      <Item5>
        <PackageName Value="LCL"/>
      </Item5>
    </RequiredPackages>
    <Units Count="26">
      <Unit0>
        <Filename Value="ovotext.lpr"/>
        <IsPartOfProject Value="True"/>
      </Unit0>
      <Unit1>
        <Filename Value="umain.pas"/>
        <IsPartOfProject Value="True"/>
        <ComponentName Value="fMain"/>
        <HasResources Value="True"/>
        <ResourceBaseClass Value="Form"/>
      </Unit1>
      <Unit2>
        <Filename Value="uabout.pas"/>
        <IsPartOfProject Value="True"/>
        <ComponentName Value="fAbout"/>
        <HasResources Value="True"/>
        <ResourceBaseClass Value="Form"/>
      </Unit2>
      <Unit3>
        <Filename Value="udmmain.pas"/>
        <IsPartOfProject Value="True"/>
        <ComponentName Value="dmMain"/>
        <HasResources Value="True"/>
        <ResourceBaseClass Value="DataModule"/>
      </Unit3>
      <Unit4>
        <Filename Value="stringcostants.pas"/>
        <IsPartOfProject Value="True"/>
        <UnitName Value="Stringcostants"/>
      </Unit4>
      <Unit5>
        <Filename Value="supportfuncs.pas"/>
        <IsPartOfProject Value="True"/>
        <UnitName Value="SupportFuncs"/>
      </Unit5>
      <Unit6>
        <Filename Value="ueditor.pas"/>
        <IsPartOfProject Value="True"/>
      </Unit6>
      <Unit7>
        <Filename Value="config.pas"/>
        <IsPartOfProject Value="True"/>
        <UnitName Value="Config"/>
      </Unit7>
      <Unit8>
        <Filename Value="ucheckfilechange.pas"/>
        <IsPartOfProject Value="True"/>
        <UnitName Value="uCheckFileChange"/>
      </Unit8>
      <Unit9>
        <Filename Value="udglgoto.pas"/>
        <IsPartOfProject Value="True"/>
        <ComponentName Value="dlgGoTo"/>
        <HasResources Value="True"/>
        <ResourceBaseClass Value="Form"/>
        <UnitName Value="uDglGoTo"/>
      </Unit9>
      <Unit10>
        <Filename Value="printing\syneditprintextprocs.pas"/>
        <IsPartOfProject Value="True"/>
        <UnitName Value="SynEditPrintExtProcs"/>
      </Unit10>
      <Unit11>
        <Filename Value="simplemrumanager.pas"/>
        <IsPartOfProject Value="True"/>
      </Unit11>
      <Unit12>
        <Filename Value="highlighters\SynExportRTF.pas"/>
        <IsPartOfProject Value="True"/>
      </Unit12>
      <Unit13>
        <Filename Value="umacroeditor.pas"/>
        <IsPartOfProject Value="True"/>
        <ComponentName Value="FMacroEditor"/>
        <HasResources Value="True"/>
        <ResourceBaseClass Value="Form"/>
        <UnitName Value="uMacroEditor"/>
      </Unit13>
      <Unit14>
        <Filename Value="umacrorecorder.pas"/>
        <IsPartOfProject Value="True"/>
        <UnitName Value="uMacroRecorder"/>
      </Unit14>
      <Unit15>
        <Filename Value="ureplacemacro.pas"/>
        <IsPartOfProject Value="True"/>
        <UnitName Value="uReplaceMacro"/>
      </Unit15>
      <Unit16>
        <Filename Value="uactionmacro.pas"/>
        <IsPartOfProject Value="True"/>
        <UnitName Value="uActionMacro"/>
      </Unit16>
      <Unit17>
        <Filename Value="supportclasses.pas"/>
        <IsPartOfProject Value="True"/>
        <UnitName Value="SupportClasses"/>
      </Unit17>
      <Unit18>
        <Filename Value="replacedialog.pas"/>
        <IsPartOfProject Value="True"/>
        <ComponentName Value="CustomReplaceDialog"/>
        <HasResources Value="True"/>
        <ResourceBaseClass Value="Form"/>
        <UnitName Value="ReplaceDialog"/>
      </Unit18>
      <Unit19>
        <Filename Value="simplesingleinstance.pas"/>
        <IsPartOfProject Value="True"/>
        <UnitName Value="SimpleSingleInstance"/>
      </Unit19>
      <Unit20>
        <Filename Value="codegen.inc"/>
        <IsPartOfProject Value="True"/>
      </Unit20>
      <Unit21>
        <Filename Value="jsontools.pas"/>
        <IsPartOfProject Value="True"/>
        <UnitName Value="JsonTools"/>
      </Unit21>
      <Unit22>
        <Filename Value="umacroplayback.pas"/>
        <IsPartOfProject Value="True"/>
        <ComponentName Value="fMacroPlayBack"/>
        <HasResources Value="True"/>
        <ResourceBaseClass Value="Form"/>
      </Unit22>
      <Unit23>
        <Filename Value="ukeys.pas"/>
        <IsPartOfProject Value="True"/>
        <ComponentName Value="fKeys"/>
        <HasResources Value="True"/>
        <ResourceBaseClass Value="Form"/>
        <UnitName Value="uKeys"/>
      </Unit23>
      <Unit24>
        <Filename Value="udlgsort.pas"/>
        <IsPartOfProject Value="True"/>
        <ComponentName Value="dlgSort"/>
        <HasResources Value="True"/>
        <ResourceBaseClass Value="Form"/>
      </Unit24>
      <Unit25>
        <Filename Value="comparer.pas"/>
        <IsPartOfProject Value="True"/>
        <UnitName Value="Comparer"/>
      </Unit25>
    </Units>
  </ProjectOptions>
  <CompilerOptions>
    <Version Value="11"/>
    <PathDelim Value="\"/>
    <Target>
      <Filename Value="..\bin\$(TargetOS)\ovotext"/>
    </Target>
    <SearchPaths>
      <IncludeFiles Value="$(ProjOutDir)"/>
      <OtherUnitFiles Value="highlighters;printing;platform\$SrcOS($(TargetOS))"/>
      <UnitOutputDirectory Value="lib\$(TargetCPU)-$(TargetOS)"/>
    </SearchPaths>
    <Parsing>
      <SyntaxOptions>
        <IncludeAssertionCode Value="True"/>
      </SyntaxOptions>
    </Parsing>
    <CodeGeneration>
      <Checks>
        <IOChecks Value="True"/>
        <RangeChecks Value="True"/>
        <OverflowChecks Value="True"/>
        <StackChecks Value="True"/>
      </Checks>
    </CodeGeneration>
    <Linking>
      <Debugging>
        <DebugInfoType Value="dsDwarf3"/>
      </Debugging>
      <Options>
        <Win32>
          <GraphicApplication Value="True"/>
        </Win32>
      </Options>
    </Linking>
    <Other>
      <CompilerMessages>
        <IgnoredMessages idx6058="True" idx5024="True"/>
      </CompilerMessages>
    </Other>
  </CompilerOptions>
  <Debugging>
    <Exceptions Count="3">
      <Item1>
        <Name Value="EAbort"/>
      </Item1>
      <Item2>
        <Name Value="ECodetoolError"/>
      </Item2>
      <Item3>
        <Name Value="EFOpenError"/>
      </Item3>
    </Exceptions>
  </Debugging>
</CONFIG>
